
Microsoft Visual Studio Solution File, Format Version 12.00
# Visual Studio Version 17
VisualStudioVersion = 17.10.35013.160
MinimumVisualStudioVersion = 10.0.40219.1
Project("{2150E333-8FDC-42A3-9474-1A3956D46DE8}") = "src", "src", "{4FA55138-14D5-4EED-8A57-681617973330}"
EndProject
Project("{2150E333-8FDC-42A3-9474-1A3956D46DE8}") = "Services", "Services", "{996BEB1F-CF9B-4E3D-AC96-1A2C92C9DE0C}"
EndProject
Project("{2150E333-8FDC-42A3-9474-1A3956D46DE8}") = "Catalog", "Catalog", "{085E628F-25E3-4105-AC05-80C2B7D95070}"
EndProject
Project("{9A19103F-16F7-4668-BE54-9A1E7A4F7556}") = "MicroCore.Catalog.API", "src\Services\Catalog\MicroCore.Catalog.API\MicroCore.Catalog.API.csproj", "{6CB881E6-6130-4882-8D1F-CD52BD32F936}"
EndProject
Project("{E53339B2-1760-4266-BCC7-CA923CBCF16C}") = "docker-compose", "docker-compose.dcproj", "{A71F1847-3C68-4DD2-B810-40387D1103C4}"
EndProject
Project("{2150E333-8FDC-42A3-9474-1A3956D46DE8}") = "Shared", "Shared", "{F6580A39-2A35-463C-AC20-A5C723B3987D}"
EndProject
Project("{9A19103F-16F7-4668-BE54-9A1E7A4F7556}") = "MicroCore.Shared", "src\Shared\MicroCore.Shared\MicroCore.Shared.csproj", "{E33BD4C2-150E-4D98-9104-A4C69BA1FCF9}"
EndProject
Project("{2150E333-8FDC-42A3-9474-1A3956D46DE8}") = "Basket", "Basket", "{99AD90FF-1FB8-4063-811F-78B0F76FC316}"
EndProject
Project("{9A19103F-16F7-4668-BE54-9A1E7A4F7556}") = "MicroCore.Basket.Api", "src\Services\Basket\MicroCore.Basket.Api\MicroCore.Basket.Api.csproj", "{A9700D3B-CEDC-4474-A8E4-FC6E49261D40}"
EndProject
Project("{2150E333-8FDC-42A3-9474-1A3956D46DE8}") = "Discount", "Discount", "{174E06F3-E45F-4C3C-8999-9D20A9E795D5}"
EndProject
Project("{9A19103F-16F7-4668-BE54-9A1E7A4F7556}") = "MicroCore.Discount.Grpc", "src\Services\Discount\MicroCore.Discount.Grpc\MicroCore.Discount.Grpc.csproj", "{9BEAF892-9B76-4C98-B3AE-B652ACC69D23}"
EndProject
Project("{2150E333-8FDC-42A3-9474-1A3956D46DE8}") = "order", "order", "{446B680B-6F9E-4B6E-9A1D-A8113C1AFD37}"
EndProject
Project("{2150E333-8FDC-42A3-9474-1A3956D46DE8}") = "api", "api", "{6E0AA51C-D30E-482A-840B-C7D895DE0ADE}"
EndProject
Project("{2150E333-8FDC-42A3-9474-1A3956D46DE8}") = "core", "core", "{313BB9A9-6C76-4748-8189-98E19652043E}"
EndProject
Project("{2150E333-8FDC-42A3-9474-1A3956D46DE8}") = "infrastructure", "infrastructure", "{6E07E776-47BB-48DF-B75F-BB74E36D32A4}"
EndProject
Project("{9A19103F-16F7-4668-BE54-9A1E7A4F7556}") = "MicroCore.Order.API", "src\Services\order\api\MicroCore.Order.API\MicroCore.Order.API.csproj", "{DD59A1B7-776F-4D53-9B74-C0F36F7B1F22}"
EndProject
Project("{9A19103F-16F7-4668-BE54-9A1E7A4F7556}") = "MicroCore.Order.Application", "src\Services\order\core\MicroCore.Order.Application\MicroCore.Order.Application.csproj", "{236E2B52-6411-4CA2-BEEB-156A07617A6E}"
EndProject
Project("{9A19103F-16F7-4668-BE54-9A1E7A4F7556}") = "MicroCore.Order.Domain", "src\Services\order\core\MicroCore.Order.Domain\MicroCore.Order.Domain.csproj", "{D1F1343A-5EB7-4B27-850F-3C7C48BE6375}"
EndProject
Project("{9A19103F-16F7-4668-BE54-9A1E7A4F7556}") = "MicroCore.Order.Persistence", "src\Services\order\infrastructure\MicroCore.Order.Persistence\MicroCore.Order.Persistence.csproj", "{91C9EFCA-4650-4699-82CF-F5F5BD3F4F8C}"
EndProject
Project("{2150E333-8FDC-42A3-9474-1A3956D46DE8}") = "payment", "payment", "{2CE4527A-55E1-4990-B4D6-55E1D7E1E510}"
EndProject
Project("{9A19103F-16F7-4668-BE54-9A1E7A4F7556}") = "MicroCore.Payment.Api", "src\Services\payment\MicroCore.Payment.Api\MicroCore.Payment.Api.csproj", "{28245F31-B56B-465C-B9CD-D77C552CD79A}"
EndProject
Project("{2150E333-8FDC-42A3-9474-1A3956D46DE8}") = "Gateway", "Gateway", "{2C1C8A5D-0A39-4B0A-956E-2FB3C99F9C7E}"
EndProject
Project("{9A19103F-16F7-4668-BE54-9A1E7A4F7556}") = "MicroCore.Gateway", "src\Gateway\MicroCore.Gateway\MicroCore.Gateway.csproj", "{22B0C2D2-0C68-4A80-822B-B995F25112B3}"
EndProject
Project("{FAE04EC0-301F-11D3-BF4B-00C04F79EFBC}") = "MicroCore.Bus", "src\Shared\MicroCore.Bus\MicroCore.Bus.csproj", "{695B337C-AC0D-4004-A9EE-5CD7E4F09371}"
EndProject
Global
	GlobalSection(SolutionConfigurationPlatforms) = preSolution
		Debug|Any CPU = Debug|Any CPU
		Release|Any CPU = Release|Any CPU
	EndGlobalSection
	GlobalSection(ProjectConfigurationPlatforms) = postSolution
		{6CB881E6-6130-4882-8D1F-CD52BD32F936}.Debug|Any CPU.ActiveCfg = Debug|Any CPU
		{6CB881E6-6130-4882-8D1F-CD52BD32F936}.Debug|Any CPU.Build.0 = Debug|Any CPU
		{6CB881E6-6130-4882-8D1F-CD52BD32F936}.Release|Any CPU.ActiveCfg = Release|Any CPU
		{6CB881E6-6130-4882-8D1F-CD52BD32F936}.Release|Any CPU.Build.0 = Release|Any CPU
		{A71F1847-3C68-4DD2-B810-40387D1103C4}.Debug|Any CPU.ActiveCfg = Debug|Any CPU
		{A71F1847-3C68-4DD2-B810-40387D1103C4}.Debug|Any CPU.Build.0 = Debug|Any CPU
		{A71F1847-3C68-4DD2-B810-40387D1103C4}.Release|Any CPU.ActiveCfg = Release|Any CPU
		{A71F1847-3C68-4DD2-B810-40387D1103C4}.Release|Any CPU.Build.0 = Release|Any CPU
		{E33BD4C2-150E-4D98-9104-A4C69BA1FCF9}.Debug|Any CPU.ActiveCfg = Debug|Any CPU
		{E33BD4C2-150E-4D98-9104-A4C69BA1FCF9}.Debug|Any CPU.Build.0 = Debug|Any CPU
		{E33BD4C2-150E-4D98-9104-A4C69BA1FCF9}.Release|Any CPU.ActiveCfg = Release|Any CPU
		{E33BD4C2-150E-4D98-9104-A4C69BA1FCF9}.Release|Any CPU.Build.0 = Release|Any CPU
		{A9700D3B-CEDC-4474-A8E4-FC6E49261D40}.Debug|Any CPU.ActiveCfg = Debug|Any CPU
		{A9700D3B-CEDC-4474-A8E4-FC6E49261D40}.Debug|Any CPU.Build.0 = Debug|Any CPU
		{A9700D3B-CEDC-4474-A8E4-FC6E49261D40}.Release|Any CPU.ActiveCfg = Release|Any CPU
		{A9700D3B-CEDC-4474-A8E4-FC6E49261D40}.Release|Any CPU.Build.0 = Release|Any CPU
		{9BEAF892-9B76-4C98-B3AE-B652ACC69D23}.Debug|Any CPU.ActiveCfg = Debug|Any CPU
		{9BEAF892-9B76-4C98-B3AE-B652ACC69D23}.Debug|Any CPU.Build.0 = Debug|Any CPU
		{9BEAF892-9B76-4C98-B3AE-B652ACC69D23}.Release|Any CPU.ActiveCfg = Release|Any CPU
		{9BEAF892-9B76-4C98-B3AE-B652ACC69D23}.Release|Any CPU.Build.0 = Release|Any CPU
		{DD59A1B7-776F-4D53-9B74-C0F36F7B1F22}.Debug|Any CPU.ActiveCfg = Debug|Any CPU
		{DD59A1B7-776F-4D53-9B74-C0F36F7B1F22}.Debug|Any CPU.Build.0 = Debug|Any CPU
		{DD59A1B7-776F-4D53-9B74-C0F36F7B1F22}.Release|Any CPU.ActiveCfg = Release|Any CPU
		{DD59A1B7-776F-4D53-9B74-C0F36F7B1F22}.Release|Any CPU.Build.0 = Release|Any CPU
		{236E2B52-6411-4CA2-BEEB-156A07617A6E}.Debug|Any CPU.ActiveCfg = Debug|Any CPU
		{236E2B52-6411-4CA2-BEEB-156A07617A6E}.Debug|Any CPU.Build.0 = Debug|Any CPU
		{236E2B52-6411-4CA2-BEEB-156A07617A6E}.Release|Any CPU.ActiveCfg = Release|Any CPU
		{236E2B52-6411-4CA2-BEEB-156A07617A6E}.Release|Any CPU.Build.0 = Release|Any CPU
		{D1F1343A-5EB7-4B27-850F-3C7C48BE6375}.Debug|Any CPU.ActiveCfg = Debug|Any CPU
		{D1F1343A-5EB7-4B27-850F-3C7C48BE6375}.Debug|Any CPU.Build.0 = Debug|Any CPU
		{D1F1343A-5EB7-4B27-850F-3C7C48BE6375}.Release|Any CPU.ActiveCfg = Release|Any CPU
		{D1F1343A-5EB7-4B27-850F-3C7C48BE6375}.Release|Any CPU.Build.0 = Release|Any CPU
		{91C9EFCA-4650-4699-82CF-F5F5BD3F4F8C}.Debug|Any CPU.ActiveCfg = Debug|Any CPU
		{91C9EFCA-4650-4699-82CF-F5F5BD3F4F8C}.Debug|Any CPU.Build.0 = Debug|Any CPU
		{91C9EFCA-4650-4699-82CF-F5F5BD3F4F8C}.Release|Any CPU.ActiveCfg = Release|Any CPU
		{91C9EFCA-4650-4699-82CF-F5F5BD3F4F8C}.Release|Any CPU.Build.0 = Release|Any CPU
		{28245F31-B56B-465C-B9CD-D77C552CD79A}.Debug|Any CPU.ActiveCfg = Debug|Any CPU
		{28245F31-B56B-465C-B9CD-D77C552CD79A}.Debug|Any CPU.Build.0 = Debug|Any CPU
		{28245F31-B56B-465C-B9CD-D77C552CD79A}.Release|Any CPU.ActiveCfg = Release|Any CPU
		{28245F31-B56B-465C-B9CD-D77C552CD79A}.Release|Any CPU.Build.0 = Release|Any CPU
		{22B0C2D2-0C68-4A80-822B-B995F25112B3}.Debug|Any CPU.ActiveCfg = Debug|Any CPU
		{22B0C2D2-0C68-4A80-822B-B995F25112B3}.Debug|Any CPU.Build.0 = Debug|Any CPU
		{22B0C2D2-0C68-4A80-822B-B995F25112B3}.Release|Any CPU.ActiveCfg = Release|Any CPU
		{22B0C2D2-0C68-4A80-822B-B995F25112B3}.Release|Any CPU.Build.0 = Release|Any CPU
		{695B337C-AC0D-4004-A9EE-5CD7E4F09371}.Debug|Any CPU.ActiveCfg = Debug|Any CPU
		{695B337C-AC0D-4004-A9EE-5CD7E4F09371}.Debug|Any CPU.Build.0 = Debug|Any CPU
		{695B337C-AC0D-4004-A9EE-5CD7E4F09371}.Release|Any CPU.ActiveCfg = Release|Any CPU
		{695B337C-AC0D-4004-A9EE-5CD7E4F09371}.Release|Any CPU.Build.0 = Release|Any CPU
	EndGlobalSection
	GlobalSection(SolutionProperties) = preSolution
		HideSolutionNode = FALSE
	EndGlobalSection
	GlobalSection(NestedProjects) = preSolution
		{996BEB1F-CF9B-4E3D-AC96-1A2C92C9DE0C} = {4FA55138-14D5-4EED-8A57-681617973330}
		{085E628F-25E3-4105-AC05-80C2B7D95070} = {996BEB1F-CF9B-4E3D-AC96-1A2C92C9DE0C}
		{6CB881E6-6130-4882-8D1F-CD52BD32F936} = {085E628F-25E3-4105-AC05-80C2B7D95070}
		{F6580A39-2A35-463C-AC20-A5C723B3987D} = {4FA55138-14D5-4EED-8A57-681617973330}
		{E33BD4C2-150E-4D98-9104-A4C69BA1FCF9} = {F6580A39-2A35-463C-AC20-A5C723B3987D}
		{99AD90FF-1FB8-4063-811F-78B0F76FC316} = {996BEB1F-CF9B-4E3D-AC96-1A2C92C9DE0C}
		{A9700D3B-CEDC-4474-A8E4-FC6E49261D40} = {99AD90FF-1FB8-4063-811F-78B0F76FC316}
		{174E06F3-E45F-4C3C-8999-9D20A9E795D5} = {996BEB1F-CF9B-4E3D-AC96-1A2C92C9DE0C}
		{9BEAF892-9B76-4C98-B3AE-B652ACC69D23} = {174E06F3-E45F-4C3C-8999-9D20A9E795D5}
		{446B680B-6F9E-4B6E-9A1D-A8113C1AFD37} = {996BEB1F-CF9B-4E3D-AC96-1A2C92C9DE0C}
		{6E0AA51C-D30E-482A-840B-C7D895DE0ADE} = {446B680B-6F9E-4B6E-9A1D-A8113C1AFD37}
		{313BB9A9-6C76-4748-8189-98E19652043E} = {446B680B-6F9E-4B6E-9A1D-A8113C1AFD37}
		{6E07E776-47BB-48DF-B75F-BB74E36D32A4} = {446B680B-6F9E-4B6E-9A1D-A8113C1AFD37}
		{DD59A1B7-776F-4D53-9B74-C0F36F7B1F22} = {6E0AA51C-D30E-482A-840B-C7D895DE0ADE}
		{236E2B52-6411-4CA2-BEEB-156A07617A6E} = {313BB9A9-6C76-4748-8189-98E19652043E}
		{D1F1343A-5EB7-4B27-850F-3C7C48BE6375} = {313BB9A9-6C76-4748-8189-98E19652043E}
		{91C9EFCA-4650-4699-82CF-F5F5BD3F4F8C} = {6E07E776-47BB-48DF-B75F-BB74E36D32A4}
		{2CE4527A-55E1-4990-B4D6-55E1D7E1E510} = {996BEB1F-CF9B-4E3D-AC96-1A2C92C9DE0C}
		{28245F31-B56B-465C-B9CD-D77C552CD79A} = {2CE4527A-55E1-4990-B4D6-55E1D7E1E510}
		{2C1C8A5D-0A39-4B0A-956E-2FB3C99F9C7E} = {4FA55138-14D5-4EED-8A57-681617973330}
		{22B0C2D2-0C68-4A80-822B-B995F25112B3} = {2C1C8A5D-0A39-4B0A-956E-2FB3C99F9C7E}
		{695B337C-AC0D-4004-A9EE-5CD7E4F09371} = {F6580A39-2A35-463C-AC20-A5C723B3987D}
	EndGlobalSection
	GlobalSection(ExtensibilityGlobals) = postSolution
		SolutionGuid = {FE548031-5BBA-465F-AA80-691FC674289E}
	EndGlobalSection
EndGlobal
